{
  "pins" : [
    {
      "identity" : "alamofire",
      "kind" : "remoteSourceControl",
      "location" : "https://github.com/Alamofire/Alamofire.git",
      "state" : {
        "revision" : "bc268c28fb170f494de9e9927c371b8342979ece",
        "version" : "5.7.1"
      }
    },
    {
      "identity" : "cryptoswift",
      "kind" : "remoteSourceControl",
      "location" : "https://github.com/krzyzanowskim/CryptoSwift.git",
      "state" : {
        "revision" : "eee9ad754926c40a0f7e73f152357d37b119b7fa",
        "version" : "1.7.1"
      }
    },
    {
      "identity" : "networkinglayer",
      "kind" : "remoteSourceControl",
      "location" : "https://github.com/smilesiosteam/NetworkingLayer.git",
      "state" : {
        "branch" : "main",
        "revision" : "48c34bc08fa85f5d76d031bbd3078236577506b9"
      }
    },
    {
      "identity" : "sdwebimage",
      "kind" : "remoteSourceControl",
      "location" : "https://github.com/SDWebImage/SDWebImage.git",
      "state" : {
        "revision" : "633996a807442ec28df9d33b0f88ce57a0e2fdbf",
        "version" : "5.17.0"
      }
    },
    {
      "identity" : "skeletonview",
      "kind" : "remoteSourceControl",
      "location" : "https://github.com/Juanpe/SkeletonView.git",
      "state" : {
        "revision" : "739a4f5d78731bebc48811c75fa9e1f4c4cef23e",
        "version" : "1.30.4"
      }
    },
    {
      "identity" : "smilesanalytics",
      "kind" : "remoteSourceControl",
      "location" : "https://github.com/smilesiosteam/SmilesAnalytics.git",
      "state" : {
        "branch" : "main",
        "revision" : "e956827dd6ad06a4da00bb99f3c754928fdab0c2"
      }
    },
    {
      "identity" : "smilesbasemainrequest",
      "kind" : "remoteSourceControl",
      "location" : "https://github.com/smilesiosteam/SmilesBaseMainRequest.git",
      "state" : {
        "branch" : "main",
        "revision" : "306ab0bb0ba9433427dc91cf35ac24bf31d23ed7"
      }
    },
    {
      "identity" : "smileseasytipview",
      "kind" : "remoteSourceControl",
      "location" : "https://github.com/smilesiosteam/SmilesEasyTipView.git",
      "state" : {
        "branch" : "main",
        "revision" : "c321c738dbd135a8a68f5d09dcaee00220183d50"
      }
    },
    {
      "identity" : "smilesfontsmanager",
      "kind" : "remoteSourceControl",
      "location" : "https://github.com/smilesiosteam/SmilesFontsManager.git",
      "state" : {
        "branch" : "main",
        "revision" : "1a7068cb5a728cb7761aceb44d1c1ab2e88eba74"
      }
    },
    {
      "identity" : "smileslanguagemanager",
      "kind" : "remoteSourceControl",
      "location" : "https://github.com/smilesiosteam/SmilesLanguageManager.git",
      "state" : {
        "branch" : "main",
        "revision" : "c28ecadeb4df3785ba082363895b3d0248a9903a"
      }
    },
    {
      "identity" : "smilesstorage",
      "kind" : "remoteSourceControl",
      "location" : "https://github.com/smilesiosteam/SmilesStorage.git",
      "state" : {
        "branch" : "main",
        "revision" : "89a57c302aab530f033ba35f001b09cfee822707"
      }
    },
    {
      "identity" : "smilesutilities",
      "kind" : "remoteSourceControl",
      "location" : "https://github.com/smilesiosteam/SmilesUtilities.git",
      "state" : {
        "branch" : "main",
        "revision" : "d06a25cdb0bdf0c82ab46c9530ed41b76976a2b1"
      }
    }
  ],
  "version" : 2
}
